<?xml version="1.0" encoding="utf-8"?>
<Project ToolsVersion="4.0" xmlns="http://schemas.microsoft.com/developer/msbuild/2003">
  <ItemGroup>
    <Filter Include="Contents">
      <UniqueIdentifier>{970421b9-5411-4f9b-a109-17977406a0f5}</UniqueIdentifier>
    </Filter>
    <Filter Include="Engine">
      <UniqueIdentifier>{e10fde57-e1cc-444c-a0b5-6ab8d85c14bb}</UniqueIdentifier>
    </Filter>
  </ItemGroup>
  <ItemGroup>
    <ClCompile Include="Snake.cpp">
      <Filter>Engine</Filter>
    </ClCompile>
    <ClCompile Include="ConsoleEngineCore.cpp">
      <Filter>Engine</Filter>
    </ClCompile>
    <ClCompile Include="ConsoleMath.cpp">
      <Filter>Engine</Filter>
    </ClCompile>
    <ClCompile Include="ConsoleObject.cpp">
      <Filter>Engine</Filter>
    </ClCompile>
    <ClCompile Include="ConsoleScreen.cpp">
      <Filter>Engine</Filter>
    </ClCompile>
    <ClCompile Include="Part.cpp">
      <Filter>Contents</Filter>
    </ClCompile>
    <ClCompile Include="Body.cpp">
      <Filter>Contents</Filter>
    </ClCompile>
    <ClCompile Include="Head.cpp">
      <Filter>Contents</Filter>
    </ClCompile>
  </ItemGroup>
  <ItemGroup>
    <ClInclude Include="ConsoleEngineCore.h">
      <Filter>Engine</Filter>
    </ClInclude>
    <ClInclude Include="ConsoleMath.h">
      <Filter>Engine</Filter>
    </ClInclude>
    <ClInclude Include="ConsoleObject.h">
      <Filter>Engine</Filter>
    </ClInclude>
    <ClInclude Include="ConsoleScreen.h">
      <Filter>Engine</Filter>
    </ClInclude>
    <ClInclude Include="Part.h">
      <Filter>Contents</Filter>
    </ClInclude>
    <ClInclude Include="Body.h">
      <Filter>Contents</Filter>
    </ClInclude>
    <ClInclude Include="Head.h">
      <Filter>Contents</Filter>
    </ClInclude>
    <ClInclude Include="Screen_S.h">
      <Filter>Contents</Filter>
    </ClInclude>
  </ItemGroup>
</Project>